
Microsoft Visual Studio Solution File, Format Version 12.00
# Visual Studio Version 16
VisualStudioVersion = 16.0.29709.97
MinimumVisualStudioVersion = 10.0.40219.1
Project("{FAE04EC0-301F-11D3-BF4B-00C04F79EFBC}") = "SQL-Assignment-2", "SQL-Assignment-2\SQL-Assignment-2.csproj", "{9E7957E4-92CC-4C7B-9B8B-9E2CB266C0DD}"
EndProject
Global
	GlobalSection(SolutionConfigurationPlatforms) = preSolution
		Debug|Any CPU = Debug|Any CPU
		Release|Any CPU = Release|Any CPU
	EndGlobalSection
	GlobalSection(ProjectConfigurationPlatforms) = postSolution
		{9E7957E4-92CC-4C7B-9B8B-9E2CB266C0DD}.Debug|Any CPU.ActiveCfg = Debug|Any CPU
		{9E7957E4-92CC-4C7B-9B8B-9E2CB266C0DD}.Debug|Any CPU.Build.0 = Debug|Any CPU
		{9E7957E4-92CC-4C7B-9B8B-9E2CB266C0DD}.Release|Any CPU.ActiveCfg = Release|Any CPU
		{9E7957E4-92CC-4C7B-9B8B-9E2CB266C0DD}.Release|Any CPU.Build.0 = Release|Any CPU
	EndGlobalSection
	GlobalSection(SolutionProperties) = preSolution
		HideSolutionNode = FALSE
	EndGlobalSection
	GlobalSection(ExtensibilityGlobals) = postSolution
		SolutionGuid = {60573FB2-4E3D-4E7F-85BB-6742B39CC74F}
	EndGlobalSection
EndGlobal
